
Microsoft Visual Studio Solution File, Format Version 12.00
# Visual Studio 15
VisualStudioVersion = 15.0.28307.438
MinimumVisualStudioVersion = 10.0.40219.1
Project("{8BC9CEB8-8B4A-11D0-8D11-00A0C91BC942}") = "Chapter_11-12_Assignment", "Chapter_11-12_Assignment\Chapter_11-12_Assignment.vcxproj", "{AB3A7FCD-A8A4-45D2-8837-275E9D55D05E}"
EndProject
Global
	GlobalSection(SolutionConfigurationPlatforms) = preSolution
		Debug|x64 = Debug|x64
		Debug|x86 = Debug|x86
		Release|x64 = Release|x64
		Release|x86 = Release|x86
	EndGlobalSection
	GlobalSection(ProjectConfigurationPlatforms) = postSolution
		{AB3A7FCD-A8A4-45D2-8837-275E9D55D05E}.Debug|x64.ActiveCfg = Debug|x64
		{AB3A7FCD-A8A4-45D2-8837-275E9D55D05E}.Debug|x64.Build.0 = Debug|x64
		{AB3A7FCD-A8A4-45D2-8837-275E9D55D05E}.Debug|x86.ActiveCfg = Debug|Win32
		{AB3A7FCD-A8A4-45D2-8837-275E9D55D05E}.Debug|x86.Build.0 = Debug|Win32
		{AB3A7FCD-A8A4-45D2-8837-275E9D55D05E}.Release|x64.ActiveCfg = Release|x64
		{AB3A7FCD-A8A4-45D2-8837-275E9D55D05E}.Release|x64.Build.0 = Release|x64
		{AB3A7FCD-A8A4-45D2-8837-275E9D55D05E}.Release|x86.ActiveCfg = Release|Win32
		{AB3A7FCD-A8A4-45D2-8837-275E9D55D05E}.Release|x86.Build.0 = Release|Win32
	EndGlobalSection
	GlobalSection(SolutionProperties) = preSolution
		HideSolutionNode = FALSE
	EndGlobalSection
	GlobalSection(ExtensibilityGlobals) = postSolution
		SolutionGuid = {AFDDDFA1-5056-44EC-8673-159D23C9565D}
	EndGlobalSection
EndGlobal
